
Microsoft Visual Studio Solution File, Format Version 12.00
# Visual Studio 15
VisualStudioVersion = 15.0.28307.438
MinimumVisualStudioVersion = 10.0.40219.1
Project("{9A19103F-16F7-4668-BE54-9A1E7A4F7556}") = "WebApplication", "WebApplication\WebApplication.csproj", "{A86E9AEC-A0AD-4437-9893-15C8DD1B829A}"
EndProject
Project("{9A19103F-16F7-4668-BE54-9A1E7A4F7556}") = "Application.Shared", "Application.Shared\Application.Shared.csproj", "{D69F6CF0-428B-42AC-937B-8B0B600DD438}"
EndProject
Global
	GlobalSection(SolutionConfigurationPlatforms) = preSolution
		Debug|Any CPU = Debug|Any CPU
		Release|Any CPU = Release|Any CPU
	EndGlobalSection
	GlobalSection(ProjectConfigurationPlatforms) = postSolution
		{A86E9AEC-A0AD-4437-9893-15C8DD1B829A}.Debug|Any CPU.ActiveCfg = Debug|Any CPU
		{A86E9AEC-A0AD-4437-9893-15C8DD1B829A}.Debug|Any CPU.Build.0 = Debug|Any CPU
		{A86E9AEC-A0AD-4437-9893-15C8DD1B829A}.Release|Any CPU.ActiveCfg = Release|Any CPU
		{A86E9AEC-A0AD-4437-9893-15C8DD1B829A}.Release|Any CPU.Build.0 = Release|Any CPU
		{D69F6CF0-428B-42AC-937B-8B0B600DD438}.Debug|Any CPU.ActiveCfg = Debug|Any CPU
		{D69F6CF0-428B-42AC-937B-8B0B600DD438}.Debug|Any CPU.Build.0 = Debug|Any CPU
		{D69F6CF0-428B-42AC-937B-8B0B600DD438}.Release|Any CPU.ActiveCfg = Release|Any CPU
		{D69F6CF0-428B-42AC-937B-8B0B600DD438}.Release|Any CPU.Build.0 = Release|Any CPU
	EndGlobalSection
	GlobalSection(SolutionProperties) = preSolution
		HideSolutionNode = FALSE
	EndGlobalSection
	GlobalSection(ExtensibilityGlobals) = postSolution
		SolutionGuid = {3AA0C189-5DFE-4997-8068-DF658954D57C}
	EndGlobalSection
EndGlobal
